
Microsoft Visual Studio Solution File, Format Version 12.00
# Visual Studio Version 16
VisualStudioVersion = 16.0.29503.13
MinimumVisualStudioVersion = 10.0.40219.1
Project("{FAE04EC0-301F-11D3-BF4B-00C04F79EFBC}") = "WebApplication", "WebApplication.csproj", "{CED2B627-5F23-4736-924A-728A43667430}"
EndProject
Global
	GlobalSection(SolutionConfigurationPlatforms) = preSolution
		Debug|Any CPU = Debug|Any CPU
		Release|Any CPU = Release|Any CPU
	EndGlobalSection
	GlobalSection(ProjectConfigurationPlatforms) = postSolution
		{CED2B627-5F23-4736-924A-728A43667430}.Debug|Any CPU.ActiveCfg = Debug|Any CPU
		{CED2B627-5F23-4736-924A-728A43667430}.Debug|Any CPU.Build.0 = Debug|Any CPU
		{CED2B627-5F23-4736-924A-728A43667430}.Release|Any CPU.ActiveCfg = Release|Any CPU
		{CED2B627-5F23-4736-924A-728A43667430}.Release|Any CPU.Build.0 = Release|Any CPU
	EndGlobalSection
	GlobalSection(SolutionProperties) = preSolution
		HideSolutionNode = FALSE
	EndGlobalSection
	GlobalSection(ExtensibilityGlobals) = postSolution
		SolutionGuid = {0F4645A2-9AFF-445C-A57B-B6A0ABEF7D3E}
	EndGlobalSection
EndGlobal
