
Microsoft Visual Studio Solution File, Format Version 12.00
# Visual Studio 15
VisualStudioVersion = 15.0.28010.2046
MinimumVisualStudioVersion = 10.0.40219.1
Project("{9A19103F-16F7-4668-BE54-9A1E7A4F7556}") = "InspectFormat", "InspectFormat.csproj", "{F15D206A-AB58-49A0-BAE8-85B8DE7362B8}"
EndProject
Global
	GlobalSection(SolutionConfigurationPlatforms) = preSolution
		Debug|Any CPU = Debug|Any CPU
		Release|Any CPU = Release|Any CPU
	EndGlobalSection
	GlobalSection(ProjectConfigurationPlatforms) = postSolution
		{F15D206A-AB58-49A0-BAE8-85B8DE7362B8}.Debug|Any CPU.ActiveCfg = Debug|Any CPU
		{F15D206A-AB58-49A0-BAE8-85B8DE7362B8}.Debug|Any CPU.Build.0 = Debug|Any CPU
		{F15D206A-AB58-49A0-BAE8-85B8DE7362B8}.Release|Any CPU.ActiveCfg = Release|Any CPU
		{F15D206A-AB58-49A0-BAE8-85B8DE7362B8}.Release|Any CPU.Build.0 = Release|Any CPU
	EndGlobalSection
	GlobalSection(SolutionProperties) = preSolution
		HideSolutionNode = FALSE
	EndGlobalSection
	GlobalSection(ExtensibilityGlobals) = postSolution
		SolutionGuid = {B34BECAE-570A-4103-96FC-FAC4A18D7C0A}
	EndGlobalSection
EndGlobal
